{
  "name": "SemesterOppgave1",
  "lockfileVersion": 2,
  "requires": true,
  "packages": {
    "": {
      "dependencies": {
        "fullcalendar": "^5.9.0",
        "fullcalendar-scheduler": "^5.9.0"
      }
    },
    "node_modules/fullcalendar": {
      "version": "5.9.0",
      "resolved": "https://registry.npmjs.org/fullcalendar/-/fullcalendar-5.9.0.tgz",
      "integrity": "sha512-kUfkWov2YQFemafgL0x9ogx2TPmgZze/VsWYvmajgr+bmoVY28XXErQ3MGfgWbM18QWdmvBIVhJCGY81MdbL+w=="
    },
    "node_modules/fullcalendar-scheduler": {
      "version": "5.9.0",
      "resolved": "https://registry.npmjs.org/fullcalendar-scheduler/-/fullcalendar-scheduler-5.9.0.tgz",
      "integrity": "sha512-wL5wOOc/fAhrHpNc/P3v8JNMUE4OCAkE8laUaOpPQYWtdBwdIhhQ6+mD6wBMZkG1QfinGcE8xet3ABrSrBh5cg=="
    }
  },
  "dependencies": {
    "fullcalendar": {
      "version": "5.9.0",
      "resolved": "https://registry.npmjs.org/fullcalendar/-/fullcalendar-5.9.0.tgz",
      "integrity": "sha512-kUfkWov2YQFemafgL0x9ogx2TPmgZze/VsWYvmajgr+bmoVY28XXErQ3MGfgWbM18QWdmvBIVhJCGY81MdbL+w=="
    },
    "fullcalendar-scheduler": {
      "version": "5.9.0",
      "resolved": "https://registry.npmjs.org/fullcalendar-scheduler/-/fullcalendar-scheduler-5.9.0.tgz",
      "integrity": "sha512-wL5wOOc/fAhrHpNc/P3v8JNMUE4OCAkE8laUaOpPQYWtdBwdIhhQ6+mD6wBMZkG1QfinGcE8xet3ABrSrBh5cg=="
    }
  }
}
